{
  "name": "realistic-bitcoin-trader",
  "lockfileVersion": 3,
  "requires": true,
  "packages": {
    "": {
      "name": "realistic-bitcoin-trader",
      "version": "1.0.0",
      "dependencies": {
        "bcrypt": "^5.1.0",
        "body-parser": "^1.20.2",
        "express": "^4.18.2",
        "pg": "^8.12.0"
      }
    }
  },
  "dependencies": {
    "bcrypt": {
      "version": "5.1.0",
      "resolved": "https://registry.npmjs.org/bcrypt/-/bcrypt-5.1.0.tgz",
      "integrity": "sha512-KK3OrYUnNn2k3I1SjwTf6V+5+RZ8x2G13+kYdG4hY7uBtfWtbIRNXt0E3V5IcdvGf+8FzXt6y47FHPHX0jSx4Q==",
      "dev": false
    },
    "body-parser": {
      "version": "1.20.2",
      "resolved": "https://registry.npmjs.org/body-parser/-/body-parser-1.20.2.tgz",
      "integrity": "sha512-EoPW+NcKroHR/R+8Q5B7Gaqf1rWhBslZh02uAiZTXiS7B5d1nZpM/0UHyxF7HLzP9G1EX6CXBsB5P9LYwX7CA==",
      "dev": false
    },
    "express": {
      "version": "4.18.2",
      "resolved": "https://registry.npmjs.org/express/-/express-4.18.2.tgz",
      "integrity": "sha512-bZ2HcKhxV+Jr+uKhJ77drFhLZzQYczcd25X2I2INZb2k2xQ3Uz9Wz5W1rJhhj7z8U+bZc2b7e+RY2Y8JNR6y+A==",
      "dev": false
    },
    "pg": {
      "version": "8.12.0",
      "resolved": "https://registry.npmjs.org/pg/-/pg-8.12.0.tgz",
      "integrity": "sha512-7Yx0cL9/Fi0J2fpzXKd9lNbiQ0xw2My9dc5z1xeX1rZ6X6j/gKAm2PkCnJmZ/3H4ZrJ5bO1T+mC3nFUZmToRrQ==",
      "dev": false
    }
  }
}
